
Microsoft Visual Studio Solution File, Format Version 12.00
# Visual Studio Version 16
VisualStudioVersion = 16.0.30711.63
MinimumVisualStudioVersion = 10.0.40219.1
Project("{FAE04EC0-301F-11D3-BF4B-00C04F79EFBC}") = "Shop.UnitTest", "Shop.UnitTest\Shop.UnitTest.csproj", "{ACE71A5F-1349-442C-AACD-1AC87CE63063}"
EndProject
Project("{FAE04EC0-301F-11D3-BF4B-00C04F79EFBC}") = "Shop.Web", "Shop.Web\Shop.Web.csproj", "{AEB1D520-7B61-4C63-A8DF-60A30B39A05E}"
EndProject
Project("{FAE04EC0-301F-11D3-BF4B-00C04F79EFBC}") = "Shop.Common", "Shop.Common\Shop.Common.csproj", "{476BB71A-62AB-4188-ACD6-9CB367A2CB1F}"
EndProject
Project("{FAE04EC0-301F-11D3-BF4B-00C04F79EFBC}") = "Shop.Service", "Shop.Service\Shop.Service.csproj", "{5AEB5037-8DF5-4627-8C1A-E5303683A83A}"
EndProject
Project("{FAE04EC0-301F-11D3-BF4B-00C04F79EFBC}") = "Shop.Model", "Shop.Model\Shop.Model.csproj", "{7B47E8B3-04A6-4E3A-9830-C367097E887E}"
EndProject
Project("{FAE04EC0-301F-11D3-BF4B-00C04F79EFBC}") = "Shop.Data", "Shop.Data\Shop.Data.csproj", "{31B89790-2E95-49A5-BFF4-0BD27AA88477}"
EndProject
Global
	GlobalSection(SolutionConfigurationPlatforms) = preSolution
		Debug|Any CPU = Debug|Any CPU
		Release|Any CPU = Release|Any CPU
	EndGlobalSection
	GlobalSection(ProjectConfigurationPlatforms) = postSolution
		{ACE71A5F-1349-442C-AACD-1AC87CE63063}.Debug|Any CPU.ActiveCfg = Debug|Any CPU
		{ACE71A5F-1349-442C-AACD-1AC87CE63063}.Debug|Any CPU.Build.0 = Debug|Any CPU
		{ACE71A5F-1349-442C-AACD-1AC87CE63063}.Release|Any CPU.ActiveCfg = Release|Any CPU
		{ACE71A5F-1349-442C-AACD-1AC87CE63063}.Release|Any CPU.Build.0 = Release|Any CPU
		{AEB1D520-7B61-4C63-A8DF-60A30B39A05E}.Debug|Any CPU.ActiveCfg = Debug|Any CPU
		{AEB1D520-7B61-4C63-A8DF-60A30B39A05E}.Debug|Any CPU.Build.0 = Debug|Any CPU
		{AEB1D520-7B61-4C63-A8DF-60A30B39A05E}.Release|Any CPU.ActiveCfg = Release|Any CPU
		{AEB1D520-7B61-4C63-A8DF-60A30B39A05E}.Release|Any CPU.Build.0 = Release|Any CPU
		{476BB71A-62AB-4188-ACD6-9CB367A2CB1F}.Debug|Any CPU.ActiveCfg = Debug|Any CPU
		{476BB71A-62AB-4188-ACD6-9CB367A2CB1F}.Debug|Any CPU.Build.0 = Debug|Any CPU
		{476BB71A-62AB-4188-ACD6-9CB367A2CB1F}.Release|Any CPU.ActiveCfg = Release|Any CPU
		{476BB71A-62AB-4188-ACD6-9CB367A2CB1F}.Release|Any CPU.Build.0 = Release|Any CPU
		{5AEB5037-8DF5-4627-8C1A-E5303683A83A}.Debug|Any CPU.ActiveCfg = Debug|Any CPU
		{5AEB5037-8DF5-4627-8C1A-E5303683A83A}.Debug|Any CPU.Build.0 = Debug|Any CPU
		{5AEB5037-8DF5-4627-8C1A-E5303683A83A}.Release|Any CPU.ActiveCfg = Release|Any CPU
		{5AEB5037-8DF5-4627-8C1A-E5303683A83A}.Release|Any CPU.Build.0 = Release|Any CPU
		{7B47E8B3-04A6-4E3A-9830-C367097E887E}.Debug|Any CPU.ActiveCfg = Debug|Any CPU
		{7B47E8B3-04A6-4E3A-9830-C367097E887E}.Debug|Any CPU.Build.0 = Debug|Any CPU
		{7B47E8B3-04A6-4E3A-9830-C367097E887E}.Release|Any CPU.ActiveCfg = Release|Any CPU
		{7B47E8B3-04A6-4E3A-9830-C367097E887E}.Release|Any CPU.Build.0 = Release|Any CPU
		{31B89790-2E95-49A5-BFF4-0BD27AA88477}.Debug|Any CPU.ActiveCfg = Debug|Any CPU
		{31B89790-2E95-49A5-BFF4-0BD27AA88477}.Debug|Any CPU.Build.0 = Debug|Any CPU
		{31B89790-2E95-49A5-BFF4-0BD27AA88477}.Release|Any CPU.ActiveCfg = Release|Any CPU
		{31B89790-2E95-49A5-BFF4-0BD27AA88477}.Release|Any CPU.Build.0 = Release|Any CPU
	EndGlobalSection
	GlobalSection(SolutionProperties) = preSolution
		HideSolutionNode = FALSE
	EndGlobalSection
	GlobalSection(ExtensibilityGlobals) = postSolution
		SolutionGuid = {C5AD4A99-8715-4F58-BA19-6E509A293944}
	EndGlobalSection
EndGlobal
